
Microsoft Visual Studio Solution File, Format Version 12.00
# Visual Studio 15
VisualStudioVersion = 15.0.27004.2005
MinimumVisualStudioVersion = 10.0.40219.1
Project("{FAE04EC0-301F-11D3-BF4B-00C04F79EFBC}") = "Reflection", "Reflection\Reflection.csproj", "{56CE654C-3DFE-4974-8996-6A67D974D121}"
EndProject
Global
	GlobalSection(SolutionConfigurationPlatforms) = preSolution
		Debug|Any CPU = Debug|Any CPU
		Release|Any CPU = Release|Any CPU
	EndGlobalSection
	GlobalSection(ProjectConfigurationPlatforms) = postSolution
		{56CE654C-3DFE-4974-8996-6A67D974D121}.Debug|Any CPU.ActiveCfg = Debug|Any CPU
		{56CE654C-3DFE-4974-8996-6A67D974D121}.Debug|Any CPU.Build.0 = Debug|Any CPU
		{56CE654C-3DFE-4974-8996-6A67D974D121}.Release|Any CPU.ActiveCfg = Release|Any CPU
		{56CE654C-3DFE-4974-8996-6A67D974D121}.Release|Any CPU.Build.0 = Release|Any CPU
	EndGlobalSection
	GlobalSection(SolutionProperties) = preSolution
		HideSolutionNode = FALSE
	EndGlobalSection
	GlobalSection(ExtensibilityGlobals) = postSolution
		SolutionGuid = {789450F3-FE25-43E2-A244-F9894B5A5D5E}
	EndGlobalSection
EndGlobal
